<?xml version="1.0" encoding="utf-8"?>
<Project ToolsVersion="4.0" xmlns="http://schemas.microsoft.com/developer/msbuild/2003">
  <ItemGroup>
    <Filter Include="Source Files">
      <UniqueIdentifier>{4FC737F1-C7A5-4376-A066-2A32D752A2FF}</UniqueIdentifier>
      <Extensions>cpp;c;cc;cxx;def;odl;idl;hpj;bat;asm;asmx</Extensions>
    </Filter>
    <Filter Include="Header Files">
      <UniqueIdentifier>{93995380-89BD-4b04-88EB-625FBE52EBFB}</UniqueIdentifier>
      <Extensions>h;hh;hpp;hxx;hm;inl;inc;xsd</Extensions>
    </Filter>
    <Filter Include="Resource Files">
      <UniqueIdentifier>{67DA6AB6-F800-4c08-8B7A-83BB121AAD01}</UniqueIdentifier>
      <Extensions>rc;ico;cur;bmp;dlg;rc2;rct;bin;rgs;gif;jpg;jpeg;jpe;resx;tiff;tif;png;wav;mfcribbon-ms</Extensions>
    </Filter>
    <Filter Include="Source Files\ui">
      <UniqueIdentifier>{f3744b8f-c4a7-4f42-9872-ff0234416ef0}</UniqueIdentifier>
    </Filter>
    <Filter Include="Source Files\io">
      <UniqueIdentifier>{7045ef71-c1fc-43d0-823c-b8a6cefb2ab5}</UniqueIdentifier>
    </Filter>
    <Filter Include="Source Files\ui\tools">
      <UniqueIdentifier>{a1c87e3a-6c25-4597-a1e3-0972a48badb8}</UniqueIdentifier>
    </Filter>
    <Filter Include="Source Files\viewport">
      <UniqueIdentifier>{b2677ffe-e3ca-477d-9447-19ec6c53547e}</UniqueIdentifier>
    </Filter>
    <Filter Include="Source Files\geometry">
      <UniqueIdentifier>{4ac0e02c-244d-4704-9278-6cb0381699ce}</UniqueIdentifier>
    </Filter>
    <Filter Include="Source Files\scene">
      <UniqueIdentifier>{980ae466-efbf-40f5-8665-eacf64ac1108}</UniqueIdentifier>
    </Filter>
    <Filter Include="Source Files\sim">
      <UniqueIdentifier>{6476d8db-38ff-452c-ac9a-2b438279052e}</UniqueIdentifier>
    </Filter>
    <Filter Include="Source Files\tests">
      <UniqueIdentifier>{4c9a8df5-d984-41ba-9b1c-1bfd7684b155}</UniqueIdentifier>
    </Filter>
    <Filter Include="Header Files\ui">
      <UniqueIdentifier>{47098d7d-83ec-4eef-9204-dd1327a00377}</UniqueIdentifier>
    </Filter>
    <Filter Include="Resource Files\ui">
      <UniqueIdentifier>{1bcaf833-6642-4443-8eba-137f9bda5669}</UniqueIdentifier>
    </Filter>
    <Filter Include="Header Files\ui\tools">
      <UniqueIdentifier>{3cf519e2-6206-4365-a3ff-501bb85eafe5}</UniqueIdentifier>
    </Filter>
    <Filter Include="Header Files\viewport">
      <UniqueIdentifier>{99fa3c61-1a03-412a-ae3e-6a20c857f1f0}</UniqueIdentifier>
    </Filter>
    <Filter Include="Header Files\common">
      <UniqueIdentifier>{5116db1f-a13c-49cd-bde9-ade41a07b458}</UniqueIdentifier>
    </Filter>
    <Filter Include="Header Files\io">
      <UniqueIdentifier>{3f2d8dc6-4b1e-417b-97de-a2a0b777ffaa}</UniqueIdentifier>
    </Filter>
    <Filter Include="Header Files\sim">
      <UniqueIdentifier>{f4af2f66-e61e-4e9f-b778-b4bc3bfef9fb}</UniqueIdentifier>
    </Filter>
    <Filter Include="Header Files\scene">
      <UniqueIdentifier>{b1f027af-d28e-4ffc-86ae-197f67601d33}</UniqueIdentifier>
    </Filter>
    <Filter Include="Header Files\cuda">
      <UniqueIdentifier>{56abbe7e-c2a9-41b9-9e23-eb3edb26a862}</UniqueIdentifier>
    </Filter>
    <Filter Include="Header Files\geometry">
      <UniqueIdentifier>{43c7f598-2420-488b-b748-84c93e699fbc}</UniqueIdentifier>
    </Filter>
    <Filter Include="Header Files\tests">
      <UniqueIdentifier>{c8c889bb-4335-41de-a3b2-5f238f5f7077}</UniqueIdentifier>
    </Filter>
    <Filter Include="Source Files\cuda">
      <UniqueIdentifier>{5e9631cd-3d2c-434f-b509-1237f9788fb0}</UniqueIdentifier>
    </Filter>
    <Filter Include="Source Files\Autogenerated">
      <UniqueIdentifier>{ff39d0c3-ea3d-4bcf-8d43-5ca1ee2c5352}</UniqueIdentifier>
    </Filter>
  </ItemGroup>
  <ItemGroup>
    <ClCompile Include="..\main.cpp">
      <Filter>Source Files</Filter>
    </ClCompile>
    <ClCompile Include="..\main_console.cpp">
      <Filter>Source Files</Filter>
    </ClCompile>
    <ClCompile Include="..\ui\collapsiblebox.cpp">
      <Filter>Source Files\ui</Filter>
    </ClCompile>
    <ClCompile Include="..\ui\infopanel.cpp">
      <Filter>Source Files\ui</Filter>
    </ClCompile>
    <ClCompile Include="..\ui\mainwindow.cpp">
      <Filter>Source Files\ui</Filter>
    </ClCompile>
    <ClCompile Include="..\ui\picker.cpp">
      <Filter>Source Files\ui</Filter>
    </ClCompile>
    <ClCompile Include="..\ui\uisettings.cpp">
      <Filter>Source Files\ui</Filter>
    </ClCompile>
    <ClCompile Include="..\ui\userinput.cpp">
      <Filter>Source Files\ui</Filter>
    </ClCompile>
    <ClCompile Include="..\ui\viewpanel.cpp">
      <Filter>Source Files\ui</Filter>
    </ClCompile>
    <ClCompile Include="..\io\mitsubaexporter.cpp">
      <Filter>Source Files\io</Filter>
    </ClCompile>
    <ClCompile Include="..\io\objparser.cpp">
      <Filter>Source Files\io</Filter>
    </ClCompile>
    <ClCompile Include="..\io\sceneio.cpp">
      <Filter>Source Files\io</Filter>
    </ClCompile>
    <ClCompile Include="..\ui\tools\movetool.cpp">
      <Filter>Source Files\ui\tools</Filter>
    </ClCompile>
    <ClCompile Include="..\ui\tools\rotatetool.cpp">
      <Filter>Source Files\ui\tools</Filter>
    </ClCompile>
    <ClCompile Include="..\ui\tools\scaletool.cpp">
      <Filter>Source Files\ui\tools</Filter>
    </ClCompile>
    <ClCompile Include="..\ui\tools\selectiontool.cpp">
      <Filter>Source Files\ui\tools</Filter>
    </ClCompile>
    <ClCompile Include="..\ui\tools\tool.cpp">
      <Filter>Source Files\ui\tools</Filter>
    </ClCompile>
    <ClCompile Include="..\ui\tools\velocitytool.cpp">
      <Filter>Source Files\ui\tools</Filter>
    </ClCompile>
    <ClCompile Include="..\viewport\viewport.cpp">
      <Filter>Source Files\viewport</Filter>
    </ClCompile>
    <ClCompile Include="..\geometry\bbox.cpp">
      <Filter>Source Files\geometry</Filter>
    </ClCompile>
    <ClCompile Include="..\geometry\mesh.cpp">
      <Filter>Source Files\geometry</Filter>
    </ClCompile>
    <ClCompile Include="..\scene\scene.cpp">
      <Filter>Source Files\scene</Filter>
    </ClCompile>
    <ClCompile Include="..\scene\scenecollider.cpp">
      <Filter>Source Files\scene</Filter>
    </ClCompile>
    <ClCompile Include="..\scene\scenegrid.cpp">
      <Filter>Source Files\scene</Filter>
    </ClCompile>
    <ClCompile Include="..\scene\scenenode.cpp">
      <Filter>Source Files\scene</Filter>
    </ClCompile>
    <ClCompile Include="..\sim\engine.cpp">
      <Filter>Source Files\sim</Filter>
    </ClCompile>
    <ClCompile Include="..\sim\implicitcollider.cpp">
      <Filter>Source Files\sim</Filter>
    </ClCompile>
    <ClCompile Include="..\sim\particlegrid.cpp">
      <Filter>Source Files\sim</Filter>
    </ClCompile>
    <ClCompile Include="..\sim\particlesystem.cpp">
      <Filter>Source Files\sim</Filter>
    </ClCompile>
    <ClCompile Include="..\tests\tests.cpp">
      <Filter>Source Files\tests</Filter>
    </ClCompile>
    <ClCompile Include="..\sim\moc_engine.cpp">
      <Filter>Source Files\Autogenerated</Filter>
    </ClCompile>
    <ClCompile Include="..\ui\moc_collapsiblebox.cpp">
      <Filter>Source Files\Autogenerated</Filter>
    </ClCompile>
    <ClCompile Include="..\ui\moc_databinding.cpp">
      <Filter>Source Files\Autogenerated</Filter>
    </ClCompile>
    <ClCompile Include="..\ui\moc_mainwindow.cpp">
      <Filter>Source Files\Autogenerated</Filter>
    </ClCompile>
    <ClCompile Include="..\ui\moc_viewpanel.cpp">
      <Filter>Source Files\Autogenerated</Filter>
    </ClCompile>
    <ClCompile Include="..\qrc_application.cpp">
      <Filter>Source Files\Autogenerated</Filter>
    </ClCompile>
  </ItemGroup>
  <ItemGroup>
    <ClInclude Include="..\ui\collapsiblebox.h">
      <Filter>Header Files\ui</Filter>
    </ClInclude>
    <ClInclude Include="..\ui\databinding.h">
      <Filter>Header Files\ui</Filter>
    </ClInclude>
    <ClInclude Include="..\ui\infopanel.h">
      <Filter>Header Files\ui</Filter>
    </ClInclude>
    <ClInclude Include="..\ui\mainwindow.h">
      <Filter>Header Files\ui</Filter>
    </ClInclude>
    <ClInclude Include="..\ui\picker.h">
      <Filter>Header Files\ui</Filter>
    </ClInclude>
    <ClInclude Include="..\ui\uisettings.h">
      <Filter>Header Files\ui</Filter>
    </ClInclude>
    <ClInclude Include="..\ui\userinput.h">
      <Filter>Header Files\ui</Filter>
    </ClInclude>
    <ClInclude Include="..\ui\viewpanel.h">
      <Filter>Header Files\ui</Filter>
    </ClInclude>
    <ClInclude Include="..\ui\tools\movetool.h">
      <Filter>Header Files\ui\tools</Filter>
    </ClInclude>
    <ClInclude Include="..\ui\tools\rotatetool.h">
      <Filter>Header Files\ui\tools</Filter>
    </ClInclude>
    <ClInclude Include="..\ui\tools\scaletool.h">
      <Filter>Header Files\ui\tools</Filter>
    </ClInclude>
    <ClInclude Include="..\ui\tools\selectiontool.h">
      <Filter>Header Files\ui\tools</Filter>
    </ClInclude>
    <ClInclude Include="..\ui\tools\tool.h">
      <Filter>Header Files\ui\tools</Filter>
    </ClInclude>
    <ClInclude Include="..\ui\tools\Tools.h">
      <Filter>Header Files\ui\tools</Filter>
    </ClInclude>
    <ClInclude Include="..\ui\tools\velocitytool.h">
      <Filter>Header Files\ui\tools</Filter>
    </ClInclude>
    <ClInclude Include="..\viewport\camera.h">
      <Filter>Header Files\viewport</Filter>
    </ClInclude>
    <ClInclude Include="..\viewport\viewport.h">
      <Filter>Header Files\viewport</Filter>
    </ClInclude>
    <ClInclude Include="..\common\common.h">
      <Filter>Header Files\common</Filter>
    </ClInclude>
    <ClInclude Include="..\common\math.h">
      <Filter>Header Files\common</Filter>
    </ClInclude>
    <ClInclude Include="..\common\renderable.h">
      <Filter>Header Files\common</Filter>
    </ClInclude>
    <ClInclude Include="..\common\types.h">
      <Filter>Header Files\common</Filter>
    </ClInclude>
    <ClInclude Include="..\io\mitsubaexporter.h">
      <Filter>Header Files\io</Filter>
    </ClInclude>
    <ClInclude Include="..\io\objparser.h">
      <Filter>Header Files\io</Filter>
    </ClInclude>
    <ClInclude Include="..\io\sceneio.h">
      <Filter>Header Files\io</Filter>
    </ClInclude>
    <ClInclude Include="..\sim\caches.h">
      <Filter>Header Files\sim</Filter>
    </ClInclude>
    <ClInclude Include="..\sim\engine.h">
      <Filter>Header Files\sim</Filter>
    </ClInclude>
    <ClInclude Include="..\sim\implicitcollider.h">
      <Filter>Header Files\sim</Filter>
    </ClInclude>
    <ClInclude Include="..\sim\material.h">
      <Filter>Header Files\sim</Filter>
    </ClInclude>
    <ClInclude Include="..\sim\particle.h">
      <Filter>Header Files\sim</Filter>
    </ClInclude>
    <ClInclude Include="..\sim\particlegrid.h">
      <Filter>Header Files\sim</Filter>
    </ClInclude>
    <ClInclude Include="..\sim\particlegridnode.h">
      <Filter>Header Files\sim</Filter>
    </ClInclude>
    <ClInclude Include="..\sim\particlesystem.h">
      <Filter>Header Files\sim</Filter>
    </ClInclude>
    <ClInclude Include="..\scene\scene.h">
      <Filter>Header Files\scene</Filter>
    </ClInclude>
    <ClInclude Include="..\scene\scenecollider.h">
      <Filter>Header Files\scene</Filter>
    </ClInclude>
    <ClInclude Include="..\scene\scenegrid.h">
      <Filter>Header Files\scene</Filter>
    </ClInclude>
    <ClInclude Include="..\scene\scenenode.h">
      <Filter>Header Files\scene</Filter>
    </ClInclude>
    <ClInclude Include="..\scene\scenenodeiterator.h">
      <Filter>Header Files\scene</Filter>
    </ClInclude>
    <ClInclude Include="..\cuda\atomic.h">
      <Filter>Header Files\cuda</Filter>
    </ClInclude>
    <ClInclude Include="..\cuda\collider.h">
      <Filter>Header Files\cuda</Filter>
    </ClInclude>
    <ClInclude Include="..\cuda\decomposition.h">
      <Filter>Header Files\cuda</Filter>
    </ClInclude>
    <ClInclude Include="..\cuda\functions.h">
      <Filter>Header Files\cuda</Filter>
    </ClInclude>
    <ClInclude Include="..\cuda\helpers.h">
      <Filter>Header Files\cuda</Filter>
    </ClInclude>
    <ClInclude Include="..\cuda\implicit.h">
      <Filter>Header Files\cuda</Filter>
    </ClInclude>
    <ClInclude Include="..\cuda\matrix.h">
      <Filter>Header Files\cuda</Filter>
    </ClInclude>
    <ClInclude Include="..\cuda\noise.h">
      <Filter>Header Files\cuda</Filter>
    </ClInclude>
    <ClInclude Include="..\cuda\quaternion.h">
      <Filter>Header Files\cuda</Filter>
    </ClInclude>
    <ClInclude Include="..\cuda\snowtypes.h">
      <Filter>Header Files\cuda</Filter>
    </ClInclude>
    <ClInclude Include="..\cuda\vector.h">
      <Filter>Header Files\cuda</Filter>
    </ClInclude>
    <ClInclude Include="..\cuda\weighting.h">
      <Filter>Header Files\cuda</Filter>
    </ClInclude>
    <ClInclude Include="..\geometry\bbox.h">
      <Filter>Header Files\geometry</Filter>
    </ClInclude>
    <ClInclude Include="..\geometry\grid.h">
      <Filter>Header Files\geometry</Filter>
    </ClInclude>
    <ClInclude Include="..\geometry\mesh.h">
      <Filter>Header Files\geometry</Filter>
    </ClInclude>
    <ClInclude Include="..\tests\tests.h">
      <Filter>Header Files\tests</Filter>
    </ClInclude>
  </ItemGroup>
  <ItemGroup>
    <None Include="..\ui\mainwindow.ui">
      <Filter>Resource Files\ui</Filter>
    </None>
  </ItemGroup>
  <ItemGroup>
    <CudaCompile Include="..\cuda\cr_tests.cu">
      <Filter>Source Files\cuda</Filter>
    </CudaCompile>
    <CudaCompile Include="..\cuda\eric.cu">
      <Filter>Source Files\cuda</Filter>
    </CudaCompile>
    <CudaCompile Include="..\cuda\max.cu">
      <Filter>Source Files\cuda</Filter>
    </CudaCompile>
    <CudaCompile Include="..\cuda\mem_tests.cu">
      <Filter>Source Files\cuda</Filter>
    </CudaCompile>
    <CudaCompile Include="..\cuda\mesh.cu">
      <Filter>Source Files\cuda</Filter>
    </CudaCompile>
    <CudaCompile Include="..\cuda\simulation.cu">
      <Filter>Source Files\cuda</Filter>
    </CudaCompile>
    <CudaCompile Include="..\cuda\snow.cu">
      <Filter>Source Files\cuda</Filter>
    </CudaCompile>
    <CudaCompile Include="..\cuda\tim.cu">
      <Filter>Source Files\cuda</Filter>
    </CudaCompile>
    <CudaCompile Include="..\cuda\wil.cu">
      <Filter>Source Files\cuda</Filter>
    </CudaCompile>
    <CudaCompile Include="..\cuda\wil_tests.cu">
      <Filter>Source Files\cuda</Filter>
    </CudaCompile>
  </ItemGroup>
</Project>